{
  "version": 1,
  "dependencies": {
    "net10.0-windows10.0.19041": {
      "ExcelDataReader": {
        "type": "Direct",
        "requested": "[3.7.0, )",
        "resolved": "3.7.0",
        "contentHash": "AMv3oDETRHSRyXC17rBtKH45qIfFyo433LMeaMB3u4RNr/c9Luuc0Z+JMP6+3Cx9n4wXqFqcrEIVxrf/GgYnZg=="
      },
      "Microsoft.Playwright": {
        "type": "Direct",
        "requested": "[1.55.0, )",
        "resolved": "1.55.0",
        "contentHash": "iPVHeRI5EZB1gK43MC/qnINvGUV3pYh/PJn5wNmeaiZ4ARlFAfK3azf46c7/kx/lmVaknZ5rSNT1F8SZgSaWSQ==",
        "dependencies": {
          "Microsoft.Bcl.AsyncInterfaces": "6.0.0",
          "System.ComponentModel.Annotations": "5.0.0"
        }
      },
      "Microsoft.Bcl.AsyncInterfaces": {
        "type": "Transitive",
        "resolved": "6.0.0",
        "contentHash": "UcSjPsst+DfAdJGVDsu346FX0ci0ah+lw3WRtn18NUwEqRt70HaOQ7lI72vy3+1LxtqI3T5GWwV39rQSrCzAeg=="
      },
      "System.ComponentModel.Annotations": {
        "type": "Transitive",
        "resolved": "5.0.0",
        "contentHash": "dMkqfy2el8A8/I76n2Hi1oBFEbG1SfxD2l5nhwXV3XjlnOmwxJlQbYpJH4W51odnU9sARCSAgv7S3CyAFMkpYg=="
      },
      "schoolnetautoauth.core": {
        "type": "Project"
      }
    }
  }
}