{
  "version": 1,
  "dependencies": {
    "net8.0-windows7.0": {
      "Microsoft.NET.ILLink.Tasks": {
        "type": "Direct",
        "requested": "[8.0.31, )",
        "resolved": "8.0.31",
        "contentHash": "OJdAGATV2QoVWL11zlDLEluA06q8rK+cgZR47ohrO8V+Qj5z9dlvN7bG9/0e5t0IOe+yD8tREC0bpsEgDGrzIQ=="
      }
    },
    "net8.0-windows7.0/win-x64": {}
  }
}